{
  "nodes": {
    "adios": {
      "locked": {
        "lastModified": 1769452189,
        "narHash": "sha256-+hoHNtf01BHjfjhJwWo1YBNrCqw2+BExE/Wdkf37PPo=",
        "owner": "llakala",
        "repo": "adios",
        "rev": "9496eb912226a2314961f6f7019f023e31928187",
        "type": "github"
      },
      "original": {
        "owner": "llakala",
        "ref": "providers-and-consumers",
        "repo": "adios",
        "type": "github"
      }
    },
    "root": {
      "inputs": {
        "adios": "adios"
      }
    }
  },
  "root": "root",
  "version": 7
}
